// !$*UTF8*$!
{
	archiveVersion = 1;
	classes = {
	};
	objectVersion = 56;
	objects = {

/* Begin PBXBuildFile section */
		3985AE0C2B07FF380044A3EF /* SportRecordRow.swift in Sources */ = {isa = PBXBuildFile; fileRef = 3985AE0B2B07FF380044A3EF /* SportRecordRow.swift */; };
		39D78F152B076A0400E9B84A /* Day.swift in Sources */ = {isa = PBXBuildFile; fileRef = 39D78F142B076A0400E9B84A /* Day.swift */; };
		39D78F172B076A4000E9B84A /* CalendarView.swift in Sources */ = {isa = PBXBuildFile; fileRef = 39D78F162B076A4000E9B84A /* CalendarView.swift */; };
		39F9176C2B094C2400B2A8F3 /* SportRecordDetailView.swift in Sources */ = {isa = PBXBuildFile; fileRef = 39F9176B2B094C2400B2A8F3 /* SportRecordDetailView.swift */; };
		39FDF5C12B09E1610053D086 /* ChooseSportView.swift in Sources */ = {isa = PBXBuildFile; fileRef = 39FDF5C02B09E1610053D086 /* ChooseSportView.swift */; };
		5D4EF2D02B00CD5C00D15739 /* ContentView.swift in Sources */ = {isa = PBXBuildFile; fileRef = 5D4EF2CF2B00CD5C00D15739 /* ContentView.swift */; };
		5D4EF2D22B00CD5E00D15739 /* Assets.xcassets in Resources */ = {isa = PBXBuildFile; fileRef = 5D4EF2D12B00CD5E00D15739 /* Assets.xcassets */; };
		5D4EF2D52B00CD5E00D15739 /* Preview Assets.xcassets in Resources */ = {isa = PBXBuildFile; fileRef = 5D4EF2D42B00CD5E00D15739 /* Preview Assets.xcassets */; };
		5D4EF2D72B00CD5E00D15739 /* Persistence.swift in Sources */ = {isa = PBXBuildFile; fileRef = 5D4EF2D62B00CD5E00D15739 /* Persistence.swift */; };
		5D4EF2DA2B00CD5E00D15739 /* HealthApp.xcdatamodeld in Sources */ = {isa = PBXBuildFile; fileRef = 5D4EF2D82B00CD5E00D15739 /* HealthApp.xcdatamodeld */; };
		5D4EF2FC2B034D4900D15739 /* DietaryPlaningView.swift in Sources */ = {isa = PBXBuildFile; fileRef = 5D4EF2FB2B034D4900D15739 /* DietaryPlaningView.swift */; };
		5D4EF2FE2B034D5600D15739 /* HomepageView.swift in Sources */ = {isa = PBXBuildFile; fileRef = 5D4EF2FD2B034D5600D15739 /* HomepageView.swift */; };
		5D4EF3002B034D6A00D15739 /* FitnessTrackingView.swift in Sources */ = {isa = PBXBuildFile; fileRef = 5D4EF2FF2B034D6A00D15739 /* FitnessTrackingView.swift */; };
		5D4EF3022B034D8200D15739 /* HealthDataManagementView.swift in Sources */ = {isa = PBXBuildFile; fileRef = 5D4EF3012B034D8200D15739 /* HealthDataManagementView.swift */; };
		5D5802C02B07E5CD00D5C7DB /* AddNewRecordView.swift in Sources */ = {isa = PBXBuildFile; fileRef = 5D5802BF2B07E5CD00D5C7DB /* AddNewRecordView.swift */; };
		5DECC5DE2B08D54C0069D042 /* AddNewRecordDetailView.swift in Sources */ = {isa = PBXBuildFile; fileRef = 5DECC5DD2B08D54C0069D042 /* AddNewRecordDetailView.swift */; };
		5DF77CA22B05F07100EDE5E2 /* FoodRecordView.swift in Sources */ = {isa = PBXBuildFile; fileRef = 5DF77CA12B05F07100EDE5E2 /* FoodRecordView.swift */; };
		5DF77CA52B06903800EDE5E2 /* FoodRecord.swift in Sources */ = {isa = PBXBuildFile; fileRef = 5DF77CA42B06903800EDE5E2 /* FoodRecord.swift */; };
		5DF77CA72B0690A400EDE5E2 /* CalorieData.json in Resources */ = {isa = PBXBuildFile; fileRef = 5DF77CA62B0690A400EDE5E2 /* CalorieData.json */; };
		5DF77CA92B0690C800EDE5E2 /* DataModel.swift in Sources */ = {isa = PBXBuildFile; fileRef = 5DF77CA82B0690C800EDE5E2 /* DataModel.swift */; };
		5DF77CAE2B0696E700EDE5E2 /* CalorieDataTable.swift in Sources */ = {isa = PBXBuildFile; fileRef = 5DF77CAD2B0696E700EDE5E2 /* CalorieDataTable.swift */; };
		5DF77CB22B069AF100EDE5E2 /* HealthApp.swift in Sources */ = {isa = PBXBuildFile; fileRef = 5DF77CB12B069AF100EDE5E2 /* HealthApp.swift */; };
		5DF77CB42B06A1E000EDE5E2 /* FoodRecordDetailView.swift in Sources */ = {isa = PBXBuildFile; fileRef = 5DF77CB32B06A1E000EDE5E2 /* FoodRecordDetailView.swift */; };
/* End PBXBuildFile section */

/* Begin PBXFileReference section */
		3985AE0B2B07FF380044A3EF /* SportRecordRow.swift */ = {isa = PBXFileReference; lastKnownFileType = sourcecode.swift; path = SportRecordRow.swift; sourceTree = "<group>"; };
		39D78F142B076A0400E9B84A /* Day.swift */ = {isa = PBXFileReference; lastKnownFileType = sourcecode.swift; path = Day.swift; sourceTree = "<group>"; };
		39D78F162B076A4000E9B84A /* CalendarView.swift */ = {isa = PBXFileReference; lastKnownFileType = sourcecode.swift; path = CalendarView.swift; sourceTree = "<group>"; };
		39F9176B2B094C2400B2A8F3 /* SportRecordDetailView.swift */ = {isa = PBXFileReference; lastKnownFileType = sourcecode.swift; path = SportRecordDetailView.swift; sourceTree = "<group>"; };
		39FDF5C02B09E1610053D086 /* ChooseSportView.swift */ = {isa = PBXFileReference; lastKnownFileType = sourcecode.swift; path = ChooseSportView.swift; sourceTree = "<group>"; };
		5D4EF2CA2B00CD5C00D15739 /* HealthApp.app */ = {isa = PBXFileReference; explicitFileType = wrapper.application; includeInIndex = 0; path = HealthApp.app; sourceTree = BUILT_PRODUCTS_DIR; };
		5D4EF2CF2B00CD5C00D15739 /* ContentView.swift */ = {isa = PBXFileReference; lastKnownFileType = sourcecode.swift; path = ContentView.swift; sourceTree = "<group>"; };
		5D4EF2D12B00CD5E00D15739 /* Assets.xcassets */ = {isa = PBXFileReference; lastKnownFileType = folder.assetcatalog; path = Assets.xcassets; sourceTree = "<group>"; };
		5D4EF2D42B00CD5E00D15739 /* Preview Assets.xcassets */ = {isa = PBXFileReference; lastKnownFileType = folder.assetcatalog; path = "Preview Assets.xcassets"; sourceTree = "<group>"; };
		5D4EF2D62B00CD5E00D15739 /* Persistence.swift */ = {isa = PBXFileReference; lastKnownFileType = sourcecode.swift; path = Persistence.swift; sourceTree = "<group>"; };
		5D4EF2D92B00CD5E00D15739 /* HealthApp.xcdatamodel */ = {isa = PBXFileReference; lastKnownFileType = wrapper.xcdatamodel; path = HealthApp.xcdatamodel; sourceTree = "<group>"; };
		5D4EF2FB2B034D4900D15739 /* DietaryPlaningView.swift */ = {isa = PBXFileReference; lastKnownFileType = sourcecode.swift; path = DietaryPlaningView.swift; sourceTree = "<group>"; };
		5D4EF2FD2B034D5600D15739 /* HomepageView.swift */ = {isa = PBXFileReference; lastKnownFileType = sourcecode.swift; path = HomepageView.swift; sourceTree = "<group>"; };
		5D4EF2FF2B034D6A00D15739 /* FitnessTrackingView.swift */ = {isa = PBXFileReference; lastKnownFileType = sourcecode.swift; path = FitnessTrackingView.swift; sourceTree = "<group>"; };
		5D4EF3012B034D8200D15739 /* HealthDataManagementView.swift */ = {isa = PBXFileReference; lastKnownFileType = sourcecode.swift; path = HealthDataManagementView.swift; sourceTree = "<group>"; };
		5D5802BF2B07E5CD00D5C7DB /* AddNewRecordView.swift */ = {isa = PBXFileReference; lastKnownFileType = sourcecode.swift; path = AddNewRecordView.swift; sourceTree = "<group>"; };
		5DECC5DD2B08D54C0069D042 /* AddNewRecordDetailView.swift */ = {isa = PBXFileReference; lastKnownFileType = sourcecode.swift; path = AddNewRecordDetailView.swift; sourceTree = "<group>"; };
		5DF77CA12B05F07100EDE5E2 /* FoodRecordView.swift */ = {isa = PBXFileReference; lastKnownFileType = sourcecode.swift; path = FoodRecordView.swift; sourceTree = "<group>"; };
		5DF77CA42B06903800EDE5E2 /* FoodRecord.swift */ = {isa = PBXFileReference; lastKnownFileType = sourcecode.swift; path = FoodRecord.swift; sourceTree = "<group>"; };
		5DF77CA62B0690A400EDE5E2 /* CalorieData.json */ = {isa = PBXFileReference; lastKnownFileType = text.json; path = CalorieData.json; sourceTree = "<group>"; };
		5DF77CA82B0690C800EDE5E2 /* DataModel.swift */ = {isa = PBXFileReference; lastKnownFileType = sourcecode.swift; path = DataModel.swift; sourceTree = "<group>"; };
		5DF77CAD2B0696E700EDE5E2 /* CalorieDataTable.swift */ = {isa = PBXFileReference; lastKnownFileType = sourcecode.swift; path = CalorieDataTable.swift; sourceTree = "<group>"; };
		5DF77CB12B069AF100EDE5E2 /* HealthApp.swift */ = {isa = PBXFileReference; lastKnownFileType = sourcecode.swift; path = HealthApp.swift; sourceTree = "<group>"; };
		5DF77CB32B06A1E000EDE5E2 /* FoodRecordDetailView.swift */ = {isa = PBXFileReference; lastKnownFileType = sourcecode.swift; path = FoodRecordDetailView.swift; sourceTree = "<group>"; };
/* End PBXFileReference section */

/* Begin PBXFrameworksBuildPhase section */
		5D4EF2C72B00CD5C00D15739 /* Frameworks */ = {
			isa = PBXFrameworksBuildPhase;
			buildActionMask = 2147483647;
			files = (
			);
			runOnlyForDeploymentPostprocessing = 0;
		};
/* End PBXFrameworksBuildPhase section */

/* Begin PBXGroup section */
		396A27F02B07BB86005C7B9A /* Fitness Tracking */ = {
			isa = PBXGroup;
			children = (
				5D4EF2FF2B034D6A00D15739 /* FitnessTrackingView.swift */,
				3985AE0B2B07FF380044A3EF /* SportRecordRow.swift */,
				39F9176B2B094C2400B2A8F3 /* SportRecordDetailView.swift */,
				39FDF5C02B09E1610053D086 /* ChooseSportView.swift */,
			);
			path = "Fitness Tracking";
			sourceTree = "<group>";
		};
		5D4EF2C12B00CD5C00D15739 = {
			isa = PBXGroup;
			children = (
				5D4EF2CC2B00CD5C00D15739 /* HealthApp */,
				5D4EF2CB2B00CD5C00D15739 /* Products */,
			);
			sourceTree = "<group>";
		};
		5D4EF2CB2B00CD5C00D15739 /* Products */ = {
			isa = PBXGroup;
			children = (
				5D4EF2CA2B00CD5C00D15739 /* HealthApp.app */,
			);
			name = Products;
			sourceTree = "<group>";
		};
		5D4EF2CC2B00CD5C00D15739 /* HealthApp */ = {
			isa = PBXGroup;
			children = (
				5DF77CB12B069AF100EDE5E2 /* HealthApp.swift */,
				39D78F142B076A0400E9B84A /* Day.swift */,
				5DF77CAC2B0691F700EDE5E2 /* Calorie Data */,
				5D4EF2FA2B034D0800D15739 /* Views */,
				5D4EF2D62B00CD5E00D15739 /* Persistence.swift */,
				5D4EF2D82B00CD5E00D15739 /* HealthApp.xcdatamodeld */,
				5D4EF2D12B00CD5E00D15739 /* Assets.xcassets */,
				5D4EF2D32B00CD5E00D15739 /* Preview Content */,
			);
			path = HealthApp;
			sourceTree = "<group>";
		};
		5D4EF2D32B00CD5E00D15739 /* Preview Content */ = {
			isa = PBXGroup;
			children = (
				5D4EF2D42B00CD5E00D15739 /* Preview Assets.xcassets */,
			);
			path = "Preview Content";
			sourceTree = "<group>";
		};
		5D4EF2FA2B034D0800D15739 /* Views */ = {
			isa = PBXGroup;
			children = (
				5D4EF2CF2B00CD5C00D15739 /* ContentView.swift */,
				5D4EF2FD2B034D5600D15739 /* HomepageView.swift */,
				5DF77CA02B05F01000EDE5E2 /* Dietary Planing */,
				396A27F02B07BB86005C7B9A /* Fitness Tracking */,
				5D4EF3012B034D8200D15739 /* HealthDataManagementView.swift */,
				39D78F162B076A4000E9B84A /* CalendarView.swift */,
			);
			path = Views;
			sourceTree = "<group>";
		};
		5DF77CA02B05F01000EDE5E2 /* Dietary Planing */ = {
			isa = PBXGroup;
			children = (
				5D4EF2FB2B034D4900D15739 /* DietaryPlaningView.swift */,
				5DECC5DD2B08D54C0069D042 /* AddNewRecordDetailView.swift */,
				5D5802BF2B07E5CD00D5C7DB /* AddNewRecordView.swift */,
				5DF77CB32B06A1E000EDE5E2 /* FoodRecordDetailView.swift */,
				5DF77CA12B05F07100EDE5E2 /* FoodRecordView.swift */,
			);
			path = "Dietary Planing";
			sourceTree = "<group>";
		};
		5DF77CAC2B0691F700EDE5E2 /* Calorie Data */ = {
			isa = PBXGroup;
			children = (
				5DF77CA82B0690C800EDE5E2 /* DataModel.swift */,
				5DF77CA62B0690A400EDE5E2 /* CalorieData.json */,
				5DF77CA42B06903800EDE5E2 /* FoodRecord.swift */,
				5DF77CAD2B0696E700EDE5E2 /* CalorieDataTable.swift */,
			);
			path = "Calorie Data";
			sourceTree = "<group>";
		};
/* End PBXGroup section */

/* Begin PBXNativeTarget section */
		5D4EF2C92B00CD5C00D15739 /* HealthApp */ = {
			isa = PBXNativeTarget;
			buildConfigurationList = 5D4EF2DD2B00CD5E00D15739 /* Build configuration list for PBXNativeTarget "HealthApp" */;
			buildPhases = (
				5D4EF2C62B00CD5C00D15739 /* Sources */,
				5D4EF2C72B00CD5C00D15739 /* Frameworks */,
				5D4EF2C82B00CD5C00D15739 /* Resources */,
			);
			buildRules = (
			);
			dependencies = (
			);
			name = HealthApp;
			productName = HealthApp;
			productReference = 5D4EF2CA2B00CD5C00D15739 /* HealthApp.app */;
			productType = "com.apple.product-type.application";
		};
/* End PBXNativeTarget section */

/* Begin PBXProject section */
		5D4EF2C22B00CD5C00D15739 /* Project object */ = {
			isa = PBXProject;
			attributes = {
				BuildIndependentTargetsInParallel = 1;
				LastSwiftUpdateCheck = 1500;
				LastUpgradeCheck = 1500;
				TargetAttributes = {
					5D4EF2C92B00CD5C00D15739 = {
						CreatedOnToolsVersion = 15.0.1;
					};
				};
			};
			buildConfigurationList = 5D4EF2C52B00CD5C00D15739 /* Build configuration list for PBXProject "HealthApp" */;
			compatibilityVersion = "Xcode 14.0";
			developmentRegion = en;
			hasScannedForEncodings = 0;
			knownRegions = (
				en,
				Base,
			);
			mainGroup = 5D4EF2C12B00CD5C00D15739;
			productRefGroup = 5D4EF2CB2B00CD5C00D15739 /* Products */;
			projectDirPath = "";
			projectRoot = "";
			targets = (
				5D4EF2C92B00CD5C00D15739 /* HealthApp */,
			);
		};
/* End PBXProject section */

/* Begin PBXResourcesBuildPhase section */
		5D4EF2C82B00CD5C00D15739 /* Resources */ = {
			isa = PBXResourcesBuildPhase;
			buildActionMask = 2147483647;
			files = (
				5DF77CA72B0690A400EDE5E2 /* CalorieData.json in Resources */,
				5D4EF2D52B00CD5E00D15739 /* Preview Assets.xcassets in Resources */,
				5D4EF2D22B00CD5E00D15739 /* Assets.xcassets in Resources */,
			);
			runOnlyForDeploymentPostprocessing = 0;
		};
/* End PBXResourcesBuildPhase section */

/* Begin PBXSourcesBuildPhase section */
		5D4EF2C62B00CD5C00D15739 /* Sources */ = {
			isa = PBXSourcesBuildPhase;
			buildActionMask = 2147483647;
			files = (
				39FDF5C12B09E1610053D086 /* ChooseSportView.swift in Sources */,
				39D78F152B076A0400E9B84A /* Day.swift in Sources */,
				5D4EF2FE2B034D5600D15739 /* HomepageView.swift in Sources */,
				39F9176C2B094C2400B2A8F3 /* SportRecordDetailView.swift in Sources */,
				5D4EF3022B034D8200D15739 /* HealthDataManagementView.swift in Sources */,
				5DECC5DE2B08D54C0069D042 /* AddNewRecordDetailView.swift in Sources */,
				5DF77CAE2B0696E700EDE5E2 /* CalorieDataTable.swift in Sources */,
				5DF77CA92B0690C800EDE5E2 /* DataModel.swift in Sources */,
				39D78F172B076A4000E9B84A /* CalendarView.swift in Sources */,
				5D4EF2D72B00CD5E00D15739 /* Persistence.swift in Sources */,
				5D4EF2FC2B034D4900D15739 /* DietaryPlaningView.swift in Sources */,
				5DF77CB22B069AF100EDE5E2 /* HealthApp.swift in Sources */,
				5DF77CA22B05F07100EDE5E2 /* FoodRecordView.swift in Sources */,
				5D4EF3002B034D6A00D15739 /* FitnessTrackingView.swift in Sources */,
				5DF77CB42B06A1E000EDE5E2 /* FoodRecordDetailView.swift in Sources */,
				5D4EF2DA2B00CD5E00D15739 /* HealthApp.xcdatamodeld in Sources */,
				5D4EF2D02B00CD5C00D15739 /* ContentView.swift in Sources */,
				3985AE0C2B07FF380044A3EF /* SportRecordRow.swift in Sources */,
				5D5802C02B07E5CD00D5C7DB /* AddNewRecordView.swift in Sources */,
				5DF77CA52B06903800EDE5E2 /* FoodRecord.swift in Sources */,
			);
			runOnlyForDeploymentPostprocessing = 0;
		};
/* End PBXSourcesBuildPhase section */

/* Begin XCBuildConfiguration section */
		5D4EF2DB2B00CD5E00D15739 /* Debug */ = {
			isa = XCBuildConfiguration;
			buildSettings = {
				ALWAYS_SEARCH_USER_PATHS = NO;
				ASSETCATALOG_COMPILER_GENERATE_SWIFT_ASSET_SYMBOL_EXTENSIONS = YES;
				CLANG_ANALYZER_NONNULL = YES;
				CLANG_ANALYZER_NUMBER_OBJECT_CONVERSION = YES_AGGRESSIVE;
				CLANG_CXX_LANGUAGE_STANDARD = "gnu++20";
				CLANG_ENABLE_MODULES = YES;
				CLANG_ENABLE_OBJC_ARC = YES;
				CLANG_ENABLE_OBJC_WEAK = YES;
				CLANG_WARN_BLOCK_CAPTURE_AUTORELEASING = YES;
				CLANG_WARN_BOOL_CONVERSION = YES;
				CLANG_WARN_COMMA = YES;
				CLANG_WARN_CONSTANT_CONVERSION = YES;
				CLANG_WARN_DEPRECATED_OBJC_IMPLEMENTATIONS = YES;
				CLANG_WARN_DIRECT_OBJC_ISA_USAGE = YES_ERROR;
				CLANG_WARN_DOCUMENTATION_COMMENTS = YES;
				CLANG_WARN_EMPTY_BODY = YES;
				CLANG_WARN_ENUM_CONVERSION = YES;
				CLANG_WARN_INFINITE_RECURSION = YES;
				CLANG_WARN_INT_CONVERSION = YES;
				CLANG_WARN_NON_LITERAL_NULL_CONVERSION = YES;
				CLANG_WARN_OBJC_IMPLICIT_RETAIN_SELF = YES;
				CLANG_WARN_OBJC_LITERAL_CONVERSION = YES;
				CLANG_WARN_OBJC_ROOT_CLASS = YES_ERROR;
				CLANG_WARN_QUOTED_INCLUDE_IN_FRAMEWORK_HEADER = YES;
				CLANG_WARN_RANGE_LOOP_ANALYSIS = YES;
				CLANG_WARN_STRICT_PROTOTYPES = YES;
				CLANG_WARN_SUSPICIOUS_MOVE = YES;
				CLANG_WARN_UNGUARDED_AVAILABILITY = YES_AGGRESSIVE;
				CLANG_WARN_UNREACHABLE_CODE = YES;
				CLANG_WARN__DUPLICATE_METHOD_MATCH = YES;
				COPY_PHASE_STRIP = NO;
				DEBUG_INFORMATION_FORMAT = dwarf;
				ENABLE_STRICT_OBJC_MSGSEND = YES;
				ENABLE_TESTABILITY = YES;
				ENABLE_USER_SCRIPT_SANDBOXING = YES;
				GCC_C_LANGUAGE_STANDARD = gnu17;
				GCC_DYNAMIC_NO_PIC = NO;
				GCC_NO_COMMON_BLOCKS = YES;
				GCC_OPTIMIZATION_LEVEL = 0;
				GCC_PREPROCESSOR_DEFINITIONS = (
					"DEBUG=1",
					"$(inherited)",
				);
				GCC_WARN_64_TO_32_BIT_CONVERSION = YES;
				GCC_WARN_ABOUT_RETURN_TYPE = YES_ERROR;
				GCC_WARN_UNDECLARED_SELECTOR = YES;
				GCC_WARN_UNINITIALIZED_AUTOS = YES_AGGRESSIVE;
				GCC_WARN_UNUSED_FUNCTION = YES;
				GCC_WARN_UNUSED_VARIABLE = YES;
				IPHONEOS_DEPLOYMENT_TARGET = 17.0;
				LOCALIZATION_PREFERS_STRING_CATALOGS = YES;
				MTL_ENABLE_DEBUG_INFO = INCLUDE_SOURCE;
				MTL_FAST_MATH = YES;
				ONLY_ACTIVE_ARCH = YES;
				SDKROOT = iphoneos;
				SWIFT_ACTIVE_COMPILATION_CONDITIONS = "DEBUG $(inherited)";
				SWIFT_OPTIMIZATION_LEVEL = "-Onone";
			};
			name = Debug;
		};
		5D4EF2DC2B00CD5E00D15739 /* Release */ = {
			isa = XCBuildConfiguration;
			buildSettings = {
				ALWAYS_SEARCH_USER_PATHS = NO;
				ASSETCATALOG_COMPILER_GENERATE_SWIFT_ASSET_SYMBOL_EXTENSIONS = YES;
				CLANG_ANALYZER_NONNULL = YES;
				CLANG_ANALYZER_NUMBER_OBJECT_CONVERSION = YES_AGGRESSIVE;
				CLANG_CXX_LANGUAGE_STANDARD = "gnu++20";
				CLANG_ENABLE_MODULES = YES;
				CLANG_ENABLE_OBJC_ARC = YES;
				CLANG_ENABLE_OBJC_WEAK = YES;
				CLANG_WARN_BLOCK_CAPTURE_AUTORELEASING = YES;
				CLANG_WARN_BOOL_CONVERSION = YES;
				CLANG_WARN_COMMA = YES;
				CLANG_WARN_CONSTANT_CONVERSION = YES;
				CLANG_WARN_DEPRECATED_OBJC_IMPLEMENTATIONS = YES;
				CLANG_WARN_DIRECT_OBJC_ISA_USAGE = YES_ERROR;
				CLANG_WARN_DOCUMENTATION_COMMENTS = YES;
				CLANG_WARN_EMPTY_BODY = YES;
				CLANG_WARN_ENUM_CONVERSION = YES;
				CLANG_WARN_INFINITE_RECURSION = YES;
				CLANG_WARN_INT_CONVERSION = YES;
				CLANG_WARN_NON_LITERAL_NULL_CONVERSION = YES;
				CLANG_WARN_OBJC_IMPLICIT_RETAIN_SELF = YES;
				CLANG_WARN_OBJC_LITERAL_CONVERSION = YES;
				CLANG_WARN_OBJC_ROOT_CLASS = YES_ERROR;
				CLANG_WARN_QUOTED_INCLUDE_IN_FRAMEWORK_HEADER = YES;
				CLANG_WARN_RANGE_LOOP_ANALYSIS = YES;
				CLANG_WARN_STRICT_PROTOTYPES = YES;
				CLANG_WARN_SUSPICIOUS_MOVE = YES;
				CLANG_WARN_UNGUARDED_AVAILABILITY = YES_AGGRESSIVE;
				CLANG_WARN_UNREACHABLE_CODE = YES;
				CLANG_WARN__DUPLICATE_METHOD_MATCH = YES;
				COPY_PHASE_STRIP = NO;
				DEBUG_INFORMATION_FORMAT = "dwarf-with-dsym";
				ENABLE_NS_ASSERTIONS = NO;
				ENABLE_STRICT_OBJC_MSGSEND = YES;
				ENABLE_USER_SCRIPT_SANDBOXING = YES;
				GCC_C_LANGUAGE_STANDARD = gnu17;
				GCC_NO_COMMON_BLOCKS = YES;
				GCC_WARN_64_TO_32_BIT_CONVERSION = YES;
				GCC_WARN_ABOUT_RETURN_TYPE = YES_ERROR;
				GCC_WARN_UNDECLARED_SELECTOR = YES;
				GCC_WARN_UNINITIALIZED_AUTOS = YES_AGGRESSIVE;
				GCC_WARN_UNUSED_FUNCTION = YES;
				GCC_WARN_UNUSED_VARIABLE = YES;
				IPHONEOS_DEPLOYMENT_TARGET = 17.0;
				LOCALIZATION_PREFERS_STRING_CATALOGS = YES;
				MTL_ENABLE_DEBUG_INFO = NO;
				MTL_FAST_MATH = YES;
				SDKROOT = iphoneos;
				SWIFT_COMPILATION_MODE = wholemodule;
				VALIDATE_PRODUCT = YES;
			};
			name = Release;
		};
		5D4EF2DE2B00CD5E00D15739 /* Debug */ = {
			isa = XCBuildConfiguration;
			buildSettings = {
				ASSETCATALOG_COMPILER_APPICON_NAME = AppIcon;
				ASSETCATALOG_COMPILER_GLOBAL_ACCENT_COLOR_NAME = AccentColor;
				CODE_SIGN_STYLE = Automatic;
				CURRENT_PROJECT_VERSION = 1;
				DEVELOPMENT_ASSET_PATHS = "\"HealthApp/Preview Content\"";
				ENABLE_PREVIEWS = YES;
				GENERATE_INFOPLIST_FILE = YES;
				INFOPLIST_KEY_UIApplicationSceneManifest_Generation = YES;
				INFOPLIST_KEY_UIApplicationSupportsIndirectInputEvents = YES;
				INFOPLIST_KEY_UILaunchScreen_Generation = YES;
				INFOPLIST_KEY_UISupportedInterfaceOrientations_iPad = "UIInterfaceOrientationPortrait UIInterfaceOrientationPortraitUpsideDown UIInterfaceOrientationLandscapeLeft UIInterfaceOrientationLandscapeRight";
				INFOPLIST_KEY_UISupportedInterfaceOrientations_iPhone = "UIInterfaceOrientationPortrait UIInterfaceOrientationLandscapeLeft UIInterfaceOrientationLandscapeRight";
				LD_RUNPATH_SEARCH_PATHS = (
					"$(inherited)",
					"@executable_path/Frameworks",
				);
				MARKETING_VERSION = 1.0;
				PRODUCT_BUNDLE_IDENTIFIER = connect.hku.hk.HealthApp;
				PRODUCT_NAME = "$(TARGET_NAME)";
				SWIFT_EMIT_LOC_STRINGS = YES;
				SWIFT_VERSION = 5.0;
				TARGETED_DEVICE_FAMILY = "1,2";
			};
			name = Debug;
		};
		5D4EF2DF2B00CD5E00D15739 /* Release */ = {
			isa = XCBuildConfiguration;
			buildSettings = {
				ASSETCATALOG_COMPILER_APPICON_NAME = AppIcon;
				ASSETCATALOG_COMPILER_GLOBAL_ACCENT_COLOR_NAME = AccentColor;
				CODE_SIGN_STYLE = Automatic;
				CURRENT_PROJECT_VERSION = 1;
				DEVELOPMENT_ASSET_PATHS = "\"HealthApp/Preview Content\"";
				ENABLE_PREVIEWS = YES;
				GENERATE_INFOPLIST_FILE = YES;
				INFOPLIST_KEY_UIApplicationSceneManifest_Generation = YES;
				INFOPLIST_KEY_UIApplicationSupportsIndirectInputEvents = YES;
				INFOPLIST_KEY_UILaunchScreen_Generation = YES;
				INFOPLIST_KEY_UISupportedInterfaceOrientations_iPad = "UIInterfaceOrientationPortrait UIInterfaceOrientationPortraitUpsideDown UIInterfaceOrientationLandscapeLeft UIInterfaceOrientationLandscapeRight";
				INFOPLIST_KEY_UISupportedInterfaceOrientations_iPhone = "UIInterfaceOrientationPortrait UIInterfaceOrientationLandscapeLeft UIInterfaceOrientationLandscapeRight";
				LD_RUNPATH_SEARCH_PATHS = (
					"$(inherited)",
					"@executable_path/Frameworks",
				);
				MARKETING_VERSION = 1.0;
				PRODUCT_BUNDLE_IDENTIFIER = connect.hku.hk.HealthApp;
				PRODUCT_NAME = "$(TARGET_NAME)";
				SWIFT_EMIT_LOC_STRINGS = YES;
				SWIFT_VERSION = 5.0;
				TARGETED_DEVICE_FAMILY = "1,2";
			};
			name = Release;
		};
/* End XCBuildConfiguration section */

/* Begin XCConfigurationList section */
		5D4EF2C52B00CD5C00D15739 /* Build configuration list for PBXProject "HealthApp" */ = {
			isa = XCConfigurationList;
			buildConfigurations = (
				5D4EF2DB2B00CD5E00D15739 /* Debug */,
				5D4EF2DC2B00CD5E00D15739 /* Release */,
			);
			defaultConfigurationIsVisible = 0;
			defaultConfigurationName = Release;
		};
		5D4EF2DD2B00CD5E00D15739 /* Build configuration list for PBXNativeTarget "HealthApp" */ = {
			isa = XCConfigurationList;
			buildConfigurations = (
				5D4EF2DE2B00CD5E00D15739 /* Debug */,
				5D4EF2DF2B00CD5E00D15739 /* Release */,
			);
			defaultConfigurationIsVisible = 0;
			defaultConfigurationName = Release;
		};
/* End XCConfigurationList section */

/* Begin XCVersionGroup section */
		5D4EF2D82B00CD5E00D15739 /* HealthApp.xcdatamodeld */ = {
			isa = XCVersionGroup;
			children = (
				5D4EF2D92B00CD5E00D15739 /* HealthApp.xcdatamodel */,
			);
			currentVersion = 5D4EF2D92B00CD5E00D15739 /* HealthApp.xcdatamodel */;
			path = HealthApp.xcdatamodeld;
			sourceTree = "<group>";
			versionGroupType = wrapper.xcdatamodel;
		};
/* End XCVersionGroup section */
	};
	rootObject = 5D4EF2C22B00CD5C00D15739 /* Project object */;
}
